
Microsoft Visual Studio Solution File, Format Version 12.00
# Visual Studio Version 16
VisualStudioVersion = 16.0.30413.136
MinimumVisualStudioVersion = 10.0.40219.1
Project("{FAE04EC0-301F-11D3-BF4B-00C04F79EFBC}") = "UWP", "UWP\UWP.csproj", "{2F43B902-4DB8-4A1B-A1F8-3C9396A220FB}"
EndProject
Project("{FAE04EC0-301F-11D3-BF4B-00C04F79EFBC}") = "Lab02", "Lab02\Lab02.csproj", "{62E10524-3C3A-4FEA-B6E3-BE7A38C69D19}"
EndProject
Project("{FAE04EC0-301F-11D3-BF4B-00C04F79EFBC}") = "DemoLab3", "DemoLab3\DemoLab3.csproj", "{02DA828B-99A3-4F40-B9A3-AF9D6FA26401}"
EndProject
Project("{FAE04EC0-301F-11D3-BF4B-00C04F79EFBC}") = "Lab03", "Lab03\Lab03.csproj", "{B31672BB-16C7-4E46-B25B-F38AF3C3EB9E}"
EndProject
Project("{FAE04EC0-301F-11D3-BF4B-00C04F79EFBC}") = "Demolab04", "Demolab04\Demolab04.csproj", "{921CEB8A-BACC-454E-B046-00FB07BDC0E3}"
EndProject
Project("{FAE04EC0-301F-11D3-BF4B-00C04F79EFBC}") = "Demolab05", "Demolab05\Demolab05.csproj", "{95437D90-9280-4571-B79F-E8894BE45BE5}"
EndProject
Project("{FAE04EC0-301F-11D3-BF4B-00C04F79EFBC}") = "Lab06", "Lab06\Lab06.csproj", "{65CDE84B-EE08-47D9-A265-8F95C7CDAB40}"
EndProject
Project("{FAE04EC0-301F-11D3-BF4B-00C04F79EFBC}") = "Demolab06", "Demolab06\Demolab06.csproj", "{3D2FFD43-07E8-4904-93FC-4F010040BA5C}"
EndProject
Project("{FAE04EC0-301F-11D3-BF4B-00C04F79EFBC}") = "UWP31", "UWP31\UWP31.csproj", "{B7528437-791F-48CF-8C51-61908324386E}"
EndProject
Project("{FAE04EC0-301F-11D3-BF4B-00C04F79EFBC}") = "UWP37", "UWP37\UWP37.csproj", "{C4AED7C5-9471-4E9A-B1AD-10272070C388}"
EndProject
Project("{FAE04EC0-301F-11D3-BF4B-00C04F79EFBC}") = "lab07", "lab07\lab07.csproj", "{6FB32D0F-B67D-45B8-8B17-04F8EE937E7D}"
EndProject
Project("{FAE04EC0-301F-11D3-BF4B-00C04F79EFBC}") = "UWP41", "UWP41\UWP41.csproj", "{4A708C08-294E-48BD-AFF7-BB3103292BA7}"
EndProject
Project("{FAE04EC0-301F-11D3-BF4B-00C04F79EFBC}") = "ImageAdaptive", "ImageAdaptive\ImageAdaptive.csproj", "{A87271F2-C9A8-4C67-971B-0B0A814F4F54}"
EndProject
Project("{FAE04EC0-301F-11D3-BF4B-00C04F79EFBC}") = "DemoLab07", "DemoLab07\DemoLab07.csproj", "{120CE896-D43D-4371-8D01-24B4E694262F}"
EndProject
Project("{FAE04EC0-301F-11D3-BF4B-00C04F79EFBC}") = "UWP44", "UWP44\UWP44.csproj", "{7F111A5A-4C8F-4D59-9BFF-044C8B3BFB42}"
EndProject
Global
	GlobalSection(SolutionConfigurationPlatforms) = preSolution
		Debug|ARM = Debug|ARM
		Debug|ARM64 = Debug|ARM64
		Debug|x64 = Debug|x64
		Debug|x86 = Debug|x86
		Release|ARM = Release|ARM
		Release|ARM64 = Release|ARM64
		Release|x64 = Release|x64
		Release|x86 = Release|x86
	EndGlobalSection
	GlobalSection(ProjectConfigurationPlatforms) = postSolution
		{2F43B902-4DB8-4A1B-A1F8-3C9396A220FB}.Debug|ARM.ActiveCfg = Debug|ARM
		{2F43B902-4DB8-4A1B-A1F8-3C9396A220FB}.Debug|ARM.Build.0 = Debug|ARM
		{2F43B902-4DB8-4A1B-A1F8-3C9396A220FB}.Debug|ARM.Deploy.0 = Debug|ARM
		{2F43B902-4DB8-4A1B-A1F8-3C9396A220FB}.Debug|ARM64.ActiveCfg = Debug|ARM64
		{2F43B902-4DB8-4A1B-A1F8-3C9396A220FB}.Debug|ARM64.Build.0 = Debug|ARM64
		{2F43B902-4DB8-4A1B-A1F8-3C9396A220FB}.Debug|ARM64.Deploy.0 = Debug|ARM64
		{2F43B902-4DB8-4A1B-A1F8-3C9396A220FB}.Debug|x64.ActiveCfg = Debug|x64
		{2F43B902-4DB8-4A1B-A1F8-3C9396A220FB}.Debug|x64.Build.0 = Debug|x64
		{2F43B902-4DB8-4A1B-A1F8-3C9396A220FB}.Debug|x64.Deploy.0 = Debug|x64
		{2F43B902-4DB8-4A1B-A1F8-3C9396A220FB}.Debug|x86.ActiveCfg = Debug|x86
		{2F43B902-4DB8-4A1B-A1F8-3C9396A220FB}.Debug|x86.Build.0 = Debug|x86
		{2F43B902-4DB8-4A1B-A1F8-3C9396A220FB}.Debug|x86.Deploy.0 = Debug|x86
		{2F43B902-4DB8-4A1B-A1F8-3C9396A220FB}.Release|ARM.ActiveCfg = Release|ARM
		{2F43B902-4DB8-4A1B-A1F8-3C9396A220FB}.Release|ARM.Build.0 = Release|ARM
		{2F43B902-4DB8-4A1B-A1F8-3C9396A220FB}.Release|ARM.Deploy.0 = Release|ARM
		{2F43B902-4DB8-4A1B-A1F8-3C9396A220FB}.Release|ARM64.ActiveCfg = Release|ARM64
		{2F43B902-4DB8-4A1B-A1F8-3C9396A220FB}.Release|ARM64.Build.0 = Release|ARM64
		{2F43B902-4DB8-4A1B-A1F8-3C9396A220FB}.Release|ARM64.Deploy.0 = Release|ARM64
		{2F43B902-4DB8-4A1B-A1F8-3C9396A220FB}.Release|x64.ActiveCfg = Release|x64
		{2F43B902-4DB8-4A1B-A1F8-3C9396A220FB}.Release|x64.Build.0 = Release|x64
		{2F43B902-4DB8-4A1B-A1F8-3C9396A220FB}.Release|x64.Deploy.0 = Release|x64
		{2F43B902-4DB8-4A1B-A1F8-3C9396A220FB}.Release|x86.ActiveCfg = Release|x86
		{2F43B902-4DB8-4A1B-A1F8-3C9396A220FB}.Release|x86.Build.0 = Release|x86
		{2F43B902-4DB8-4A1B-A1F8-3C9396A220FB}.Release|x86.Deploy.0 = Release|x86
		{62E10524-3C3A-4FEA-B6E3-BE7A38C69D19}.Debug|ARM.ActiveCfg = Debug|ARM
		{62E10524-3C3A-4FEA-B6E3-BE7A38C69D19}.Debug|ARM.Build.0 = Debug|ARM
		{62E10524-3C3A-4FEA-B6E3-BE7A38C69D19}.Debug|ARM.Deploy.0 = Debug|ARM
		{62E10524-3C3A-4FEA-B6E3-BE7A38C69D19}.Debug|ARM64.ActiveCfg = Debug|ARM64
		{62E10524-3C3A-4FEA-B6E3-BE7A38C69D19}.Debug|ARM64.Build.0 = Debug|ARM64
		{62E10524-3C3A-4FEA-B6E3-BE7A38C69D19}.Debug|ARM64.Deploy.0 = Debug|ARM64
		{62E10524-3C3A-4FEA-B6E3-BE7A38C69D19}.Debug|x64.ActiveCfg = Debug|x64
		{62E10524-3C3A-4FEA-B6E3-BE7A38C69D19}.Debug|x64.Build.0 = Debug|x64
		{62E10524-3C3A-4FEA-B6E3-BE7A38C69D19}.Debug|x64.Deploy.0 = Debug|x64
		{62E10524-3C3A-4FEA-B6E3-BE7A38C69D19}.Debug|x86.ActiveCfg = Debug|x86
		{62E10524-3C3A-4FEA-B6E3-BE7A38C69D19}.Debug|x86.Build.0 = Debug|x86
		{62E10524-3C3A-4FEA-B6E3-BE7A38C69D19}.Debug|x86.Deploy.0 = Debug|x86
		{62E10524-3C3A-4FEA-B6E3-BE7A38C69D19}.Release|ARM.ActiveCfg = Release|ARM
		{62E10524-3C3A-4FEA-B6E3-BE7A38C69D19}.Release|ARM.Build.0 = Release|ARM
		{62E10524-3C3A-4FEA-B6E3-BE7A38C69D19}.Release|ARM.Deploy.0 = Release|ARM
		{62E10524-3C3A-4FEA-B6E3-BE7A38C69D19}.Release|ARM64.ActiveCfg = Release|ARM64
		{62E10524-3C3A-4FEA-B6E3-BE7A38C69D19}.Release|ARM64.Build.0 = Release|ARM64
		{62E10524-3C3A-4FEA-B6E3-BE7A38C69D19}.Release|ARM64.Deploy.0 = Release|ARM64
		{62E10524-3C3A-4FEA-B6E3-BE7A38C69D19}.Release|x64.ActiveCfg = Release|x64
		{62E10524-3C3A-4FEA-B6E3-BE7A38C69D19}.Release|x64.Build.0 = Release|x64
		{62E10524-3C3A-4FEA-B6E3-BE7A38C69D19}.Release|x64.Deploy.0 = Release|x64
		{62E10524-3C3A-4FEA-B6E3-BE7A38C69D19}.Release|x86.ActiveCfg = Release|x86
		{62E10524-3C3A-4FEA-B6E3-BE7A38C69D19}.Release|x86.Build.0 = Release|x86
		{62E10524-3C3A-4FEA-B6E3-BE7A38C69D19}.Release|x86.Deploy.0 = Release|x86
		{02DA828B-99A3-4F40-B9A3-AF9D6FA26401}.Debug|ARM.ActiveCfg = Debug|ARM
		{02DA828B-99A3-4F40-B9A3-AF9D6FA26401}.Debug|ARM.Build.0 = Debug|ARM
		{02DA828B-99A3-4F40-B9A3-AF9D6FA26401}.Debug|ARM.Deploy.0 = Debug|ARM
		{02DA828B-99A3-4F40-B9A3-AF9D6FA26401}.Debug|ARM64.ActiveCfg = Debug|ARM64
		{02DA828B-99A3-4F40-B9A3-AF9D6FA26401}.Debug|ARM64.Build.0 = Debug|ARM64
		{02DA828B-99A3-4F40-B9A3-AF9D6FA26401}.Debug|ARM64.Deploy.0 = Debug|ARM64
		{02DA828B-99A3-4F40-B9A3-AF9D6FA26401}.Debug|x64.ActiveCfg = Debug|x64
		{02DA828B-99A3-4F40-B9A3-AF9D6FA26401}.Debug|x64.Build.0 = Debug|x64
		{02DA828B-99A3-4F40-B9A3-AF9D6FA26401}.Debug|x64.Deploy.0 = Debug|x64
		{02DA828B-99A3-4F40-B9A3-AF9D6FA26401}.Debug|x86.ActiveCfg = Debug|x86
		{02DA828B-99A3-4F40-B9A3-AF9D6FA26401}.Debug|x86.Build.0 = Debug|x86
		{02DA828B-99A3-4F40-B9A3-AF9D6FA26401}.Debug|x86.Deploy.0 = Debug|x86
		{02DA828B-99A3-4F40-B9A3-AF9D6FA26401}.Release|ARM.ActiveCfg = Release|ARM
		{02DA828B-99A3-4F40-B9A3-AF9D6FA26401}.Release|ARM.Build.0 = Release|ARM
		{02DA828B-99A3-4F40-B9A3-AF9D6FA26401}.Release|ARM.Deploy.0 = Release|ARM
		{02DA828B-99A3-4F40-B9A3-AF9D6FA26401}.Release|ARM64.ActiveCfg = Release|ARM64
		{02DA828B-99A3-4F40-B9A3-AF9D6FA26401}.Release|ARM64.Build.0 = Release|ARM64
		{02DA828B-99A3-4F40-B9A3-AF9D6FA26401}.Release|ARM64.Deploy.0 = Release|ARM64
		{02DA828B-99A3-4F40-B9A3-AF9D6FA26401}.Release|x64.ActiveCfg = Release|x64
		{02DA828B-99A3-4F40-B9A3-AF9D6FA26401}.Release|x64.Build.0 = Release|x64
		{02DA828B-99A3-4F40-B9A3-AF9D6FA26401}.Release|x64.Deploy.0 = Release|x64
		{02DA828B-99A3-4F40-B9A3-AF9D6FA26401}.Release|x86.ActiveCfg = Release|x86
		{02DA828B-99A3-4F40-B9A3-AF9D6FA26401}.Release|x86.Build.0 = Release|x86
		{02DA828B-99A3-4F40-B9A3-AF9D6FA26401}.Release|x86.Deploy.0 = Release|x86
		{B31672BB-16C7-4E46-B25B-F38AF3C3EB9E}.Debug|ARM.ActiveCfg = Debug|ARM
		{B31672BB-16C7-4E46-B25B-F38AF3C3EB9E}.Debug|ARM.Build.0 = Debug|ARM
		{B31672BB-16C7-4E46-B25B-F38AF3C3EB9E}.Debug|ARM.Deploy.0 = Debug|ARM
		{B31672BB-16C7-4E46-B25B-F38AF3C3EB9E}.Debug|ARM64.ActiveCfg = Debug|ARM64
		{B31672BB-16C7-4E46-B25B-F38AF3C3EB9E}.Debug|ARM64.Build.0 = Debug|ARM64
		{B31672BB-16C7-4E46-B25B-F38AF3C3EB9E}.Debug|ARM64.Deploy.0 = Debug|ARM64
		{B31672BB-16C7-4E46-B25B-F38AF3C3EB9E}.Debug|x64.ActiveCfg = Debug|x64
		{B31672BB-16C7-4E46-B25B-F38AF3C3EB9E}.Debug|x64.Build.0 = Debug|x64
		{B31672BB-16C7-4E46-B25B-F38AF3C3EB9E}.Debug|x64.Deploy.0 = Debug|x64
		{B31672BB-16C7-4E46-B25B-F38AF3C3EB9E}.Debug|x86.ActiveCfg = Debug|x86
		{B31672BB-16C7-4E46-B25B-F38AF3C3EB9E}.Debug|x86.Build.0 = Debug|x86
		{B31672BB-16C7-4E46-B25B-F38AF3C3EB9E}.Debug|x86.Deploy.0 = Debug|x86
		{B31672BB-16C7-4E46-B25B-F38AF3C3EB9E}.Release|ARM.ActiveCfg = Release|ARM
		{B31672BB-16C7-4E46-B25B-F38AF3C3EB9E}.Release|ARM.Build.0 = Release|ARM
		{B31672BB-16C7-4E46-B25B-F38AF3C3EB9E}.Release|ARM.Deploy.0 = Release|ARM
		{B31672BB-16C7-4E46-B25B-F38AF3C3EB9E}.Release|ARM64.ActiveCfg = Release|ARM64
		{B31672BB-16C7-4E46-B25B-F38AF3C3EB9E}.Release|ARM64.Build.0 = Release|ARM64
		{B31672BB-16C7-4E46-B25B-F38AF3C3EB9E}.Release|ARM64.Deploy.0 = Release|ARM64
		{B31672BB-16C7-4E46-B25B-F38AF3C3EB9E}.Release|x64.ActiveCfg = Release|x64
		{B31672BB-16C7-4E46-B25B-F38AF3C3EB9E}.Release|x64.Build.0 = Release|x64
		{B31672BB-16C7-4E46-B25B-F38AF3C3EB9E}.Release|x64.Deploy.0 = Release|x64
		{B31672BB-16C7-4E46-B25B-F38AF3C3EB9E}.Release|x86.ActiveCfg = Release|x86
		{B31672BB-16C7-4E46-B25B-F38AF3C3EB9E}.Release|x86.Build.0 = Release|x86
		{B31672BB-16C7-4E46-B25B-F38AF3C3EB9E}.Release|x86.Deploy.0 = Release|x86
		{921CEB8A-BACC-454E-B046-00FB07BDC0E3}.Debug|ARM.ActiveCfg = Debug|ARM
		{921CEB8A-BACC-454E-B046-00FB07BDC0E3}.Debug|ARM.Build.0 = Debug|ARM
		{921CEB8A-BACC-454E-B046-00FB07BDC0E3}.Debug|ARM.Deploy.0 = Debug|ARM
		{921CEB8A-BACC-454E-B046-00FB07BDC0E3}.Debug|ARM64.ActiveCfg = Debug|ARM64
		{921CEB8A-BACC-454E-B046-00FB07BDC0E3}.Debug|ARM64.Build.0 = Debug|ARM64
		{921CEB8A-BACC-454E-B046-00FB07BDC0E3}.Debug|ARM64.Deploy.0 = Debug|ARM64
		{921CEB8A-BACC-454E-B046-00FB07BDC0E3}.Debug|x64.ActiveCfg = Debug|x64
		{921CEB8A-BACC-454E-B046-00FB07BDC0E3}.Debug|x64.Build.0 = Debug|x64
		{921CEB8A-BACC-454E-B046-00FB07BDC0E3}.Debug|x64.Deploy.0 = Debug|x64
		{921CEB8A-BACC-454E-B046-00FB07BDC0E3}.Debug|x86.ActiveCfg = Debug|x86
		{921CEB8A-BACC-454E-B046-00FB07BDC0E3}.Debug|x86.Build.0 = Debug|x86
		{921CEB8A-BACC-454E-B046-00FB07BDC0E3}.Debug|x86.Deploy.0 = Debug|x86
		{921CEB8A-BACC-454E-B046-00FB07BDC0E3}.Release|ARM.ActiveCfg = Release|ARM
		{921CEB8A-BACC-454E-B046-00FB07BDC0E3}.Release|ARM.Build.0 = Release|ARM
		{921CEB8A-BACC-454E-B046-00FB07BDC0E3}.Release|ARM.Deploy.0 = Release|ARM
		{921CEB8A-BACC-454E-B046-00FB07BDC0E3}.Release|ARM64.ActiveCfg = Release|ARM64
		{921CEB8A-BACC-454E-B046-00FB07BDC0E3}.Release|ARM64.Build.0 = Release|ARM64
		{921CEB8A-BACC-454E-B046-00FB07BDC0E3}.Release|ARM64.Deploy.0 = Release|ARM64
		{921CEB8A-BACC-454E-B046-00FB07BDC0E3}.Release|x64.ActiveCfg = Release|x64
		{921CEB8A-BACC-454E-B046-00FB07BDC0E3}.Release|x64.Build.0 = Release|x64
		{921CEB8A-BACC-454E-B046-00FB07BDC0E3}.Release|x64.Deploy.0 = Release|x64
		{921CEB8A-BACC-454E-B046-00FB07BDC0E3}.Release|x86.ActiveCfg = Release|x86
		{921CEB8A-BACC-454E-B046-00FB07BDC0E3}.Release|x86.Build.0 = Release|x86
		{921CEB8A-BACC-454E-B046-00FB07BDC0E3}.Release|x86.Deploy.0 = Release|x86
		{95437D90-9280-4571-B79F-E8894BE45BE5}.Debug|ARM.ActiveCfg = Debug|ARM
		{95437D90-9280-4571-B79F-E8894BE45BE5}.Debug|ARM.Build.0 = Debug|ARM
		{95437D90-9280-4571-B79F-E8894BE45BE5}.Debug|ARM.Deploy.0 = Debug|ARM
		{95437D90-9280-4571-B79F-E8894BE45BE5}.Debug|ARM64.ActiveCfg = Debug|ARM64
		{95437D90-9280-4571-B79F-E8894BE45BE5}.Debug|ARM64.Build.0 = Debug|ARM64
		{95437D90-9280-4571-B79F-E8894BE45BE5}.Debug|ARM64.Deploy.0 = Debug|ARM64
		{95437D90-9280-4571-B79F-E8894BE45BE5}.Debug|x64.ActiveCfg = Debug|x64
		{95437D90-9280-4571-B79F-E8894BE45BE5}.Debug|x64.Build.0 = Debug|x64
		{95437D90-9280-4571-B79F-E8894BE45BE5}.Debug|x64.Deploy.0 = Debug|x64
		{95437D90-9280-4571-B79F-E8894BE45BE5}.Debug|x86.ActiveCfg = Debug|x86
		{95437D90-9280-4571-B79F-E8894BE45BE5}.Debug|x86.Build.0 = Debug|x86
		{95437D90-9280-4571-B79F-E8894BE45BE5}.Debug|x86.Deploy.0 = Debug|x86
		{95437D90-9280-4571-B79F-E8894BE45BE5}.Release|ARM.ActiveCfg = Release|ARM
		{95437D90-9280-4571-B79F-E8894BE45BE5}.Release|ARM.Build.0 = Release|ARM
		{95437D90-9280-4571-B79F-E8894BE45BE5}.Release|ARM.Deploy.0 = Release|ARM
		{95437D90-9280-4571-B79F-E8894BE45BE5}.Release|ARM64.ActiveCfg = Release|ARM64
		{95437D90-9280-4571-B79F-E8894BE45BE5}.Release|ARM64.Build.0 = Release|ARM64
		{95437D90-9280-4571-B79F-E8894BE45BE5}.Release|ARM64.Deploy.0 = Release|ARM64
		{95437D90-9280-4571-B79F-E8894BE45BE5}.Release|x64.ActiveCfg = Release|x64
		{95437D90-9280-4571-B79F-E8894BE45BE5}.Release|x64.Build.0 = Release|x64
		{95437D90-9280-4571-B79F-E8894BE45BE5}.Release|x64.Deploy.0 = Release|x64
		{95437D90-9280-4571-B79F-E8894BE45BE5}.Release|x86.ActiveCfg = Release|x86
		{95437D90-9280-4571-B79F-E8894BE45BE5}.Release|x86.Build.0 = Release|x86
		{95437D90-9280-4571-B79F-E8894BE45BE5}.Release|x86.Deploy.0 = Release|x86
		{65CDE84B-EE08-47D9-A265-8F95C7CDAB40}.Debug|ARM.ActiveCfg = Debug|ARM
		{65CDE84B-EE08-47D9-A265-8F95C7CDAB40}.Debug|ARM.Build.0 = Debug|ARM
		{65CDE84B-EE08-47D9-A265-8F95C7CDAB40}.Debug|ARM.Deploy.0 = Debug|ARM
		{65CDE84B-EE08-47D9-A265-8F95C7CDAB40}.Debug|ARM64.ActiveCfg = Debug|ARM64
		{65CDE84B-EE08-47D9-A265-8F95C7CDAB40}.Debug|ARM64.Build.0 = Debug|ARM64
		{65CDE84B-EE08-47D9-A265-8F95C7CDAB40}.Debug|ARM64.Deploy.0 = Debug|ARM64
		{65CDE84B-EE08-47D9-A265-8F95C7CDAB40}.Debug|x64.ActiveCfg = Debug|x64
		{65CDE84B-EE08-47D9-A265-8F95C7CDAB40}.Debug|x64.Build.0 = Debug|x64
		{65CDE84B-EE08-47D9-A265-8F95C7CDAB40}.Debug|x64.Deploy.0 = Debug|x64
		{65CDE84B-EE08-47D9-A265-8F95C7CDAB40}.Debug|x86.ActiveCfg = Debug|x86
		{65CDE84B-EE08-47D9-A265-8F95C7CDAB40}.Debug|x86.Build.0 = Debug|x86
		{65CDE84B-EE08-47D9-A265-8F95C7CDAB40}.Debug|x86.Deploy.0 = Debug|x86
		{65CDE84B-EE08-47D9-A265-8F95C7CDAB40}.Release|ARM.ActiveCfg = Release|ARM
		{65CDE84B-EE08-47D9-A265-8F95C7CDAB40}.Release|ARM.Build.0 = Release|ARM
		{65CDE84B-EE08-47D9-A265-8F95C7CDAB40}.Release|ARM.Deploy.0 = Release|ARM
		{65CDE84B-EE08-47D9-A265-8F95C7CDAB40}.Release|ARM64.ActiveCfg = Release|ARM64
		{65CDE84B-EE08-47D9-A265-8F95C7CDAB40}.Release|ARM64.Build.0 = Release|ARM64
		{65CDE84B-EE08-47D9-A265-8F95C7CDAB40}.Release|ARM64.Deploy.0 = Release|ARM64
		{65CDE84B-EE08-47D9-A265-8F95C7CDAB40}.Release|x64.ActiveCfg = Release|x64
		{65CDE84B-EE08-47D9-A265-8F95C7CDAB40}.Release|x64.Build.0 = Release|x64
		{65CDE84B-EE08-47D9-A265-8F95C7CDAB40}.Release|x64.Deploy.0 = Release|x64
		{65CDE84B-EE08-47D9-A265-8F95C7CDAB40}.Release|x86.ActiveCfg = Release|x86
		{65CDE84B-EE08-47D9-A265-8F95C7CDAB40}.Release|x86.Build.0 = Release|x86
		{65CDE84B-EE08-47D9-A265-8F95C7CDAB40}.Release|x86.Deploy.0 = Release|x86
		{3D2FFD43-07E8-4904-93FC-4F010040BA5C}.Debug|ARM.ActiveCfg = Debug|ARM
		{3D2FFD43-07E8-4904-93FC-4F010040BA5C}.Debug|ARM.Build.0 = Debug|ARM
		{3D2FFD43-07E8-4904-93FC-4F010040BA5C}.Debug|ARM.Deploy.0 = Debug|ARM
		{3D2FFD43-07E8-4904-93FC-4F010040BA5C}.Debug|ARM64.ActiveCfg = Debug|ARM64
		{3D2FFD43-07E8-4904-93FC-4F010040BA5C}.Debug|ARM64.Build.0 = Debug|ARM64
		{3D2FFD43-07E8-4904-93FC-4F010040BA5C}.Debug|ARM64.Deploy.0 = Debug|ARM64
		{3D2FFD43-07E8-4904-93FC-4F010040BA5C}.Debug|x64.ActiveCfg = Debug|x64
		{3D2FFD43-07E8-4904-93FC-4F010040BA5C}.Debug|x64.Build.0 = Debug|x64
		{3D2FFD43-07E8-4904-93FC-4F010040BA5C}.Debug|x64.Deploy.0 = Debug|x64
		{3D2FFD43-07E8-4904-93FC-4F010040BA5C}.Debug|x86.ActiveCfg = Debug|x86
		{3D2FFD43-07E8-4904-93FC-4F010040BA5C}.Debug|x86.Build.0 = Debug|x86
		{3D2FFD43-07E8-4904-93FC-4F010040BA5C}.Debug|x86.Deploy.0 = Debug|x86
		{3D2FFD43-07E8-4904-93FC-4F010040BA5C}.Release|ARM.ActiveCfg = Release|ARM
		{3D2FFD43-07E8-4904-93FC-4F010040BA5C}.Release|ARM.Build.0 = Release|ARM
		{3D2FFD43-07E8-4904-93FC-4F010040BA5C}.Release|ARM.Deploy.0 = Release|ARM
		{3D2FFD43-07E8-4904-93FC-4F010040BA5C}.Release|ARM64.ActiveCfg = Release|ARM64
		{3D2FFD43-07E8-4904-93FC-4F010040BA5C}.Release|ARM64.Build.0 = Release|ARM64
		{3D2FFD43-07E8-4904-93FC-4F010040BA5C}.Release|ARM64.Deploy.0 = Release|ARM64
		{3D2FFD43-07E8-4904-93FC-4F010040BA5C}.Release|x64.ActiveCfg = Release|x64
		{3D2FFD43-07E8-4904-93FC-4F010040BA5C}.Release|x64.Build.0 = Release|x64
		{3D2FFD43-07E8-4904-93FC-4F010040BA5C}.Release|x64.Deploy.0 = Release|x64
		{3D2FFD43-07E8-4904-93FC-4F010040BA5C}.Release|x86.ActiveCfg = Release|x86
		{3D2FFD43-07E8-4904-93FC-4F010040BA5C}.Release|x86.Build.0 = Release|x86
		{3D2FFD43-07E8-4904-93FC-4F010040BA5C}.Release|x86.Deploy.0 = Release|x86
		{B7528437-791F-48CF-8C51-61908324386E}.Debug|ARM.ActiveCfg = Debug|ARM
		{B7528437-791F-48CF-8C51-61908324386E}.Debug|ARM.Build.0 = Debug|ARM
		{B7528437-791F-48CF-8C51-61908324386E}.Debug|ARM.Deploy.0 = Debug|ARM
		{B7528437-791F-48CF-8C51-61908324386E}.Debug|ARM64.ActiveCfg = Debug|ARM64
		{B7528437-791F-48CF-8C51-61908324386E}.Debug|ARM64.Build.0 = Debug|ARM64
		{B7528437-791F-48CF-8C51-61908324386E}.Debug|ARM64.Deploy.0 = Debug|ARM64
		{B7528437-791F-48CF-8C51-61908324386E}.Debug|x64.ActiveCfg = Debug|x64
		{B7528437-791F-48CF-8C51-61908324386E}.Debug|x64.Build.0 = Debug|x64
		{B7528437-791F-48CF-8C51-61908324386E}.Debug|x64.Deploy.0 = Debug|x64
		{B7528437-791F-48CF-8C51-61908324386E}.Debug|x86.ActiveCfg = Debug|x86
		{B7528437-791F-48CF-8C51-61908324386E}.Debug|x86.Build.0 = Debug|x86
		{B7528437-791F-48CF-8C51-61908324386E}.Debug|x86.Deploy.0 = Debug|x86
		{B7528437-791F-48CF-8C51-61908324386E}.Release|ARM.ActiveCfg = Release|ARM
		{B7528437-791F-48CF-8C51-61908324386E}.Release|ARM.Build.0 = Release|ARM
		{B7528437-791F-48CF-8C51-61908324386E}.Release|ARM.Deploy.0 = Release|ARM
		{B7528437-791F-48CF-8C51-61908324386E}.Release|ARM64.ActiveCfg = Release|ARM64
		{B7528437-791F-48CF-8C51-61908324386E}.Release|ARM64.Build.0 = Release|ARM64
		{B7528437-791F-48CF-8C51-61908324386E}.Release|ARM64.Deploy.0 = Release|ARM64
		{B7528437-791F-48CF-8C51-61908324386E}.Release|x64.ActiveCfg = Release|x64
		{B7528437-791F-48CF-8C51-61908324386E}.Release|x64.Build.0 = Release|x64
		{B7528437-791F-48CF-8C51-61908324386E}.Release|x64.Deploy.0 = Release|x64
		{B7528437-791F-48CF-8C51-61908324386E}.Release|x86.ActiveCfg = Release|x86
		{B7528437-791F-48CF-8C51-61908324386E}.Release|x86.Build.0 = Release|x86
		{B7528437-791F-48CF-8C51-61908324386E}.Release|x86.Deploy.0 = Release|x86
		{C4AED7C5-9471-4E9A-B1AD-10272070C388}.Debug|ARM.ActiveCfg = Debug|ARM
		{C4AED7C5-9471-4E9A-B1AD-10272070C388}.Debug|ARM.Build.0 = Debug|ARM
		{C4AED7C5-9471-4E9A-B1AD-10272070C388}.Debug|ARM.Deploy.0 = Debug|ARM
		{C4AED7C5-9471-4E9A-B1AD-10272070C388}.Debug|ARM64.ActiveCfg = Debug|ARM64
		{C4AED7C5-9471-4E9A-B1AD-10272070C388}.Debug|ARM64.Build.0 = Debug|ARM64
		{C4AED7C5-9471-4E9A-B1AD-10272070C388}.Debug|ARM64.Deploy.0 = Debug|ARM64
		{C4AED7C5-9471-4E9A-B1AD-10272070C388}.Debug|x64.ActiveCfg = Debug|x64
		{C4AED7C5-9471-4E9A-B1AD-10272070C388}.Debug|x64.Build.0 = Debug|x64
		{C4AED7C5-9471-4E9A-B1AD-10272070C388}.Debug|x64.Deploy.0 = Debug|x64
		{C4AED7C5-9471-4E9A-B1AD-10272070C388}.Debug|x86.ActiveCfg = Debug|x86
		{C4AED7C5-9471-4E9A-B1AD-10272070C388}.Debug|x86.Build.0 = Debug|x86
		{C4AED7C5-9471-4E9A-B1AD-10272070C388}.Debug|x86.Deploy.0 = Debug|x86
		{C4AED7C5-9471-4E9A-B1AD-10272070C388}.Release|ARM.ActiveCfg = Release|ARM
		{C4AED7C5-9471-4E9A-B1AD-10272070C388}.Release|ARM.Build.0 = Release|ARM
		{C4AED7C5-9471-4E9A-B1AD-10272070C388}.Release|ARM.Deploy.0 = Release|ARM
		{C4AED7C5-9471-4E9A-B1AD-10272070C388}.Release|ARM64.ActiveCfg = Release|ARM64
		{C4AED7C5-9471-4E9A-B1AD-10272070C388}.Release|ARM64.Build.0 = Release|ARM64
		{C4AED7C5-9471-4E9A-B1AD-10272070C388}.Release|ARM64.Deploy.0 = Release|ARM64
		{C4AED7C5-9471-4E9A-B1AD-10272070C388}.Release|x64.ActiveCfg = Release|x64
		{C4AED7C5-9471-4E9A-B1AD-10272070C388}.Release|x64.Build.0 = Release|x64
		{C4AED7C5-9471-4E9A-B1AD-10272070C388}.Release|x64.Deploy.0 = Release|x64
		{C4AED7C5-9471-4E9A-B1AD-10272070C388}.Release|x86.ActiveCfg = Release|x86
		{C4AED7C5-9471-4E9A-B1AD-10272070C388}.Release|x86.Build.0 = Release|x86
		{C4AED7C5-9471-4E9A-B1AD-10272070C388}.Release|x86.Deploy.0 = Release|x86
		{6FB32D0F-B67D-45B8-8B17-04F8EE937E7D}.Debug|ARM.ActiveCfg = Debug|ARM
		{6FB32D0F-B67D-45B8-8B17-04F8EE937E7D}.Debug|ARM.Build.0 = Debug|ARM
		{6FB32D0F-B67D-45B8-8B17-04F8EE937E7D}.Debug|ARM.Deploy.0 = Debug|ARM
		{6FB32D0F-B67D-45B8-8B17-04F8EE937E7D}.Debug|ARM64.ActiveCfg = Debug|ARM64
		{6FB32D0F-B67D-45B8-8B17-04F8EE937E7D}.Debug|ARM64.Build.0 = Debug|ARM64
		{6FB32D0F-B67D-45B8-8B17-04F8EE937E7D}.Debug|ARM64.Deploy.0 = Debug|ARM64
		{6FB32D0F-B67D-45B8-8B17-04F8EE937E7D}.Debug|x64.ActiveCfg = Debug|x64
		{6FB32D0F-B67D-45B8-8B17-04F8EE937E7D}.Debug|x64.Build.0 = Debug|x64
		{6FB32D0F-B67D-45B8-8B17-04F8EE937E7D}.Debug|x64.Deploy.0 = Debug|x64
		{6FB32D0F-B67D-45B8-8B17-04F8EE937E7D}.Debug|x86.ActiveCfg = Debug|x86
		{6FB32D0F-B67D-45B8-8B17-04F8EE937E7D}.Debug|x86.Build.0 = Debug|x86
		{6FB32D0F-B67D-45B8-8B17-04F8EE937E7D}.Debug|x86.Deploy.0 = Debug|x86
		{6FB32D0F-B67D-45B8-8B17-04F8EE937E7D}.Release|ARM.ActiveCfg = Release|ARM
		{6FB32D0F-B67D-45B8-8B17-04F8EE937E7D}.Release|ARM.Build.0 = Release|ARM
		{6FB32D0F-B67D-45B8-8B17-04F8EE937E7D}.Release|ARM.Deploy.0 = Release|ARM
		{6FB32D0F-B67D-45B8-8B17-04F8EE937E7D}.Release|ARM64.ActiveCfg = Release|ARM64
		{6FB32D0F-B67D-45B8-8B17-04F8EE937E7D}.Release|ARM64.Build.0 = Release|ARM64
		{6FB32D0F-B67D-45B8-8B17-04F8EE937E7D}.Release|ARM64.Deploy.0 = Release|ARM64
		{6FB32D0F-B67D-45B8-8B17-04F8EE937E7D}.Release|x64.ActiveCfg = Release|x64
		{6FB32D0F-B67D-45B8-8B17-04F8EE937E7D}.Release|x64.Build.0 = Release|x64
		{6FB32D0F-B67D-45B8-8B17-04F8EE937E7D}.Release|x64.Deploy.0 = Release|x64
		{6FB32D0F-B67D-45B8-8B17-04F8EE937E7D}.Release|x86.ActiveCfg = Release|x86
		{6FB32D0F-B67D-45B8-8B17-04F8EE937E7D}.Release|x86.Build.0 = Release|x86
		{6FB32D0F-B67D-45B8-8B17-04F8EE937E7D}.Release|x86.Deploy.0 = Release|x86
		{4A708C08-294E-48BD-AFF7-BB3103292BA7}.Debug|ARM.ActiveCfg = Debug|ARM
		{4A708C08-294E-48BD-AFF7-BB3103292BA7}.Debug|ARM.Build.0 = Debug|ARM
		{4A708C08-294E-48BD-AFF7-BB3103292BA7}.Debug|ARM.Deploy.0 = Debug|ARM
		{4A708C08-294E-48BD-AFF7-BB3103292BA7}.Debug|ARM64.ActiveCfg = Debug|ARM64
		{4A708C08-294E-48BD-AFF7-BB3103292BA7}.Debug|ARM64.Build.0 = Debug|ARM64
		{4A708C08-294E-48BD-AFF7-BB3103292BA7}.Debug|ARM64.Deploy.0 = Debug|ARM64
		{4A708C08-294E-48BD-AFF7-BB3103292BA7}.Debug|x64.ActiveCfg = Debug|x64
		{4A708C08-294E-48BD-AFF7-BB3103292BA7}.Debug|x64.Build.0 = Debug|x64
		{4A708C08-294E-48BD-AFF7-BB3103292BA7}.Debug|x64.Deploy.0 = Debug|x64
		{4A708C08-294E-48BD-AFF7-BB3103292BA7}.Debug|x86.ActiveCfg = Debug|x86
		{4A708C08-294E-48BD-AFF7-BB3103292BA7}.Debug|x86.Build.0 = Debug|x86
		{4A708C08-294E-48BD-AFF7-BB3103292BA7}.Debug|x86.Deploy.0 = Debug|x86
		{4A708C08-294E-48BD-AFF7-BB3103292BA7}.Release|ARM.ActiveCfg = Release|ARM
		{4A708C08-294E-48BD-AFF7-BB3103292BA7}.Release|ARM.Build.0 = Release|ARM
		{4A708C08-294E-48BD-AFF7-BB3103292BA7}.Release|ARM.Deploy.0 = Release|ARM
		{4A708C08-294E-48BD-AFF7-BB3103292BA7}.Release|ARM64.ActiveCfg = Release|ARM64
		{4A708C08-294E-48BD-AFF7-BB3103292BA7}.Release|ARM64.Build.0 = Release|ARM64
		{4A708C08-294E-48BD-AFF7-BB3103292BA7}.Release|ARM64.Deploy.0 = Release|ARM64
		{4A708C08-294E-48BD-AFF7-BB3103292BA7}.Release|x64.ActiveCfg = Release|x64
		{4A708C08-294E-48BD-AFF7-BB3103292BA7}.Release|x64.Build.0 = Release|x64
		{4A708C08-294E-48BD-AFF7-BB3103292BA7}.Release|x64.Deploy.0 = Release|x64
		{4A708C08-294E-48BD-AFF7-BB3103292BA7}.Release|x86.ActiveCfg = Release|x86
		{4A708C08-294E-48BD-AFF7-BB3103292BA7}.Release|x86.Build.0 = Release|x86
		{4A708C08-294E-48BD-AFF7-BB3103292BA7}.Release|x86.Deploy.0 = Release|x86
		{A87271F2-C9A8-4C67-971B-0B0A814F4F54}.Debug|ARM.ActiveCfg = Debug|ARM
		{A87271F2-C9A8-4C67-971B-0B0A814F4F54}.Debug|ARM.Build.0 = Debug|ARM
		{A87271F2-C9A8-4C67-971B-0B0A814F4F54}.Debug|ARM.Deploy.0 = Debug|ARM
		{A87271F2-C9A8-4C67-971B-0B0A814F4F54}.Debug|ARM64.ActiveCfg = Debug|ARM64
		{A87271F2-C9A8-4C67-971B-0B0A814F4F54}.Debug|ARM64.Build.0 = Debug|ARM64
		{A87271F2-C9A8-4C67-971B-0B0A814F4F54}.Debug|ARM64.Deploy.0 = Debug|ARM64
		{A87271F2-C9A8-4C67-971B-0B0A814F4F54}.Debug|x64.ActiveCfg = Debug|x64
		{A87271F2-C9A8-4C67-971B-0B0A814F4F54}.Debug|x64.Build.0 = Debug|x64
		{A87271F2-C9A8-4C67-971B-0B0A814F4F54}.Debug|x64.Deploy.0 = Debug|x64
		{A87271F2-C9A8-4C67-971B-0B0A814F4F54}.Debug|x86.ActiveCfg = Debug|x86
		{A87271F2-C9A8-4C67-971B-0B0A814F4F54}.Debug|x86.Build.0 = Debug|x86
		{A87271F2-C9A8-4C67-971B-0B0A814F4F54}.Debug|x86.Deploy.0 = Debug|x86
		{A87271F2-C9A8-4C67-971B-0B0A814F4F54}.Release|ARM.ActiveCfg = Release|ARM
		{A87271F2-C9A8-4C67-971B-0B0A814F4F54}.Release|ARM.Build.0 = Release|ARM
		{A87271F2-C9A8-4C67-971B-0B0A814F4F54}.Release|ARM.Deploy.0 = Release|ARM
		{A87271F2-C9A8-4C67-971B-0B0A814F4F54}.Release|ARM64.ActiveCfg = Release|ARM64
		{A87271F2-C9A8-4C67-971B-0B0A814F4F54}.Release|ARM64.Build.0 = Release|ARM64
		{A87271F2-C9A8-4C67-971B-0B0A814F4F54}.Release|ARM64.Deploy.0 = Release|ARM64
		{A87271F2-C9A8-4C67-971B-0B0A814F4F54}.Release|x64.ActiveCfg = Release|x64
		{A87271F2-C9A8-4C67-971B-0B0A814F4F54}.Release|x64.Build.0 = Release|x64
		{A87271F2-C9A8-4C67-971B-0B0A814F4F54}.Release|x64.Deploy.0 = Release|x64
		{A87271F2-C9A8-4C67-971B-0B0A814F4F54}.Release|x86.ActiveCfg = Release|x86
		{A87271F2-C9A8-4C67-971B-0B0A814F4F54}.Release|x86.Build.0 = Release|x86
		{A87271F2-C9A8-4C67-971B-0B0A814F4F54}.Release|x86.Deploy.0 = Release|x86
		{120CE896-D43D-4371-8D01-24B4E694262F}.Debug|ARM.ActiveCfg = Debug|ARM
		{120CE896-D43D-4371-8D01-24B4E694262F}.Debug|ARM.Build.0 = Debug|ARM
		{120CE896-D43D-4371-8D01-24B4E694262F}.Debug|ARM.Deploy.0 = Debug|ARM
		{120CE896-D43D-4371-8D01-24B4E694262F}.Debug|ARM64.ActiveCfg = Debug|ARM64
		{120CE896-D43D-4371-8D01-24B4E694262F}.Debug|ARM64.Build.0 = Debug|ARM64
		{120CE896-D43D-4371-8D01-24B4E694262F}.Debug|ARM64.Deploy.0 = Debug|ARM64
		{120CE896-D43D-4371-8D01-24B4E694262F}.Debug|x64.ActiveCfg = Debug|x64
		{120CE896-D43D-4371-8D01-24B4E694262F}.Debug|x64.Build.0 = Debug|x64
		{120CE896-D43D-4371-8D01-24B4E694262F}.Debug|x64.Deploy.0 = Debug|x64
		{120CE896-D43D-4371-8D01-24B4E694262F}.Debug|x86.ActiveCfg = Debug|x86
		{120CE896-D43D-4371-8D01-24B4E694262F}.Debug|x86.Build.0 = Debug|x86
		{120CE896-D43D-4371-8D01-24B4E694262F}.Debug|x86.Deploy.0 = Debug|x86
		{120CE896-D43D-4371-8D01-24B4E694262F}.Release|ARM.ActiveCfg = Release|ARM
		{120CE896-D43D-4371-8D01-24B4E694262F}.Release|ARM.Build.0 = Release|ARM
		{120CE896-D43D-4371-8D01-24B4E694262F}.Release|ARM.Deploy.0 = Release|ARM
		{120CE896-D43D-4371-8D01-24B4E694262F}.Release|ARM64.ActiveCfg = Release|ARM64
		{120CE896-D43D-4371-8D01-24B4E694262F}.Release|ARM64.Build.0 = Release|ARM64
		{120CE896-D43D-4371-8D01-24B4E694262F}.Release|ARM64.Deploy.0 = Release|ARM64
		{120CE896-D43D-4371-8D01-24B4E694262F}.Release|x64.ActiveCfg = Release|x64
		{120CE896-D43D-4371-8D01-24B4E694262F}.Release|x64.Build.0 = Release|x64
		{120CE896-D43D-4371-8D01-24B4E694262F}.Release|x64.Deploy.0 = Release|x64
		{120CE896-D43D-4371-8D01-24B4E694262F}.Release|x86.ActiveCfg = Release|x86
		{120CE896-D43D-4371-8D01-24B4E694262F}.Release|x86.Build.0 = Release|x86
		{120CE896-D43D-4371-8D01-24B4E694262F}.Release|x86.Deploy.0 = Release|x86
		{7F111A5A-4C8F-4D59-9BFF-044C8B3BFB42}.Debug|ARM.ActiveCfg = Debug|ARM
		{7F111A5A-4C8F-4D59-9BFF-044C8B3BFB42}.Debug|ARM.Build.0 = Debug|ARM
		{7F111A5A-4C8F-4D59-9BFF-044C8B3BFB42}.Debug|ARM.Deploy.0 = Debug|ARM
		{7F111A5A-4C8F-4D59-9BFF-044C8B3BFB42}.Debug|ARM64.ActiveCfg = Debug|ARM64
		{7F111A5A-4C8F-4D59-9BFF-044C8B3BFB42}.Debug|ARM64.Build.0 = Debug|ARM64
		{7F111A5A-4C8F-4D59-9BFF-044C8B3BFB42}.Debug|ARM64.Deploy.0 = Debug|ARM64
		{7F111A5A-4C8F-4D59-9BFF-044C8B3BFB42}.Debug|x64.ActiveCfg = Debug|x64
		{7F111A5A-4C8F-4D59-9BFF-044C8B3BFB42}.Debug|x64.Build.0 = Debug|x64
		{7F111A5A-4C8F-4D59-9BFF-044C8B3BFB42}.Debug|x64.Deploy.0 = Debug|x64
		{7F111A5A-4C8F-4D59-9BFF-044C8B3BFB42}.Debug|x86.ActiveCfg = Debug|x86
		{7F111A5A-4C8F-4D59-9BFF-044C8B3BFB42}.Debug|x86.Build.0 = Debug|x86
		{7F111A5A-4C8F-4D59-9BFF-044C8B3BFB42}.Debug|x86.Deploy.0 = Debug|x86
		{7F111A5A-4C8F-4D59-9BFF-044C8B3BFB42}.Release|ARM.ActiveCfg = Release|ARM
		{7F111A5A-4C8F-4D59-9BFF-044C8B3BFB42}.Release|ARM.Build.0 = Release|ARM
		{7F111A5A-4C8F-4D59-9BFF-044C8B3BFB42}.Release|ARM.Deploy.0 = Release|ARM
		{7F111A5A-4C8F-4D59-9BFF-044C8B3BFB42}.Release|ARM64.ActiveCfg = Release|ARM64
		{7F111A5A-4C8F-4D59-9BFF-044C8B3BFB42}.Release|ARM64.Build.0 = Release|ARM64
		{7F111A5A-4C8F-4D59-9BFF-044C8B3BFB42}.Release|ARM64.Deploy.0 = Release|ARM64
		{7F111A5A-4C8F-4D59-9BFF-044C8B3BFB42}.Release|x64.ActiveCfg = Release|x64
		{7F111A5A-4C8F-4D59-9BFF-044C8B3BFB42}.Release|x64.Build.0 = Release|x64
		{7F111A5A-4C8F-4D59-9BFF-044C8B3BFB42}.Release|x64.Deploy.0 = Release|x64
		{7F111A5A-4C8F-4D59-9BFF-044C8B3BFB42}.Release|x86.ActiveCfg = Release|x86
		{7F111A5A-4C8F-4D59-9BFF-044C8B3BFB42}.Release|x86.Build.0 = Release|x86
		{7F111A5A-4C8F-4D59-9BFF-044C8B3BFB42}.Release|x86.Deploy.0 = Release|x86
	EndGlobalSection
	GlobalSection(SolutionProperties) = preSolution
		HideSolutionNode = FALSE
	EndGlobalSection
	GlobalSection(ExtensibilityGlobals) = postSolution
		SolutionGuid = {4DBBF8CF-1934-49F9-86D1-4382AA4A5989}
	EndGlobalSection
EndGlobal
